// !$*UTF8*$!
{
	archiveVersion = 1;
	classes = {
	};
	objectVersion = 77;
	objects = {

/* Begin PBXBuildFile section */
		BFD8255E2DE6BCF900914255 /* TendrilTree in Frameworks */ = {isa = PBXBuildFile; productRef = BFD8255D2DE6BCF900914255 /* TendrilTree */; };
/* End PBXBuildFile section */

/* Begin PBXContainerItemProxy section */
		BFD8250C2DE63C4B00914255 /* PBXContainerItemProxy */ = {
			isa = PBXContainerItemProxy;
			containerPortal = BFD824F22DE63C4A00914255 /* Project object */;
			proxyType = 1;
			remoteGlobalIDString = BFD824F92DE63C4A00914255;
			remoteInfo = Marshland;
		};
		BFD825162DE63C4B00914255 /* PBXContainerItemProxy */ = {
			isa = PBXContainerItemProxy;
			containerPortal = BFD824F22DE63C4A00914255 /* Project object */;
			proxyType = 1;
			remoteGlobalIDString = BFD824F92DE63C4A00914255;
			remoteInfo = Marshland;
		};
/* End PBXContainerItemProxy section */

/* Begin PBXFileReference section */
		BFD824FA2DE63C4A00914255 /* Marshland.app */ = {isa = PBXFileReference; explicitFileType = wrapper.application; includeInIndex = 0; path = Marshland.app; sourceTree = BUILT_PRODUCTS_DIR; };
		BFD8250B2DE63C4B00914255 /* MarshlandTests.xctest */ = {isa = PBXFileReference; explicitFileType = wrapper.cfbundle; includeInIndex = 0; path = MarshlandTests.xctest; sourceTree = BUILT_PRODUCTS_DIR; };
		BFD825152DE63C4B00914255 /* MarshlandUITests.xctest */ = {isa = PBXFileReference; explicitFileType = wrapper.cfbundle; includeInIndex = 0; path = MarshlandUITests.xctest; sourceTree = BUILT_PRODUCTS_DIR; };
/* End PBXFileReference section */

/* Begin PBXFileSystemSynchronizedBuildFileExceptionSet section */
		BFD8251D2DE63C4B00914255 /* Exceptions for "Marshland" folder in "Marshland" target */ = {
			isa = PBXFileSystemSynchronizedBuildFileExceptionSet;
			membershipExceptions = (
				Info.plist,
			);
			target = BFD824F92DE63C4A00914255 /* Marshland */;
		};
/* End PBXFileSystemSynchronizedBuildFileExceptionSet section */

/* Begin PBXFileSystemSynchronizedRootGroup section */
		BFD824FC2DE63C4A00914255 /* Marshland */ = {
			isa = PBXFileSystemSynchronizedRootGroup;
			exceptions = (
				BFD8251D2DE63C4B00914255 /* Exceptions for "Marshland" folder in "Marshland" target */,
			);
			path = Marshland;
			sourceTree = "<group>";
		};
		BFD8250E2DE63C4B00914255 /* MarshlandTests */ = {
			isa = PBXFileSystemSynchronizedRootGroup;
			path = MarshlandTests;
			sourceTree = "<group>";
		};
		BFD825182DE63C4B00914255 /* MarshlandUITests */ = {
			isa = PBXFileSystemSynchronizedRootGroup;
			path = MarshlandUITests;
			sourceTree = "<group>";
		};
/* End PBXFileSystemSynchronizedRootGroup section */

/* Begin PBXFrameworksBuildPhase section */
		BFD824F72DE63C4A00914255 /* Frameworks */ = {
			isa = PBXFrameworksBuildPhase;
			buildActionMask = 2147483647;
			files = (
				BFD8255E2DE6BCF900914255 /* TendrilTree in Frameworks */,
			);
			runOnlyForDeploymentPostprocessing = 0;
		};
		BFD825082DE63C4B00914255 /* Frameworks */ = {
			isa = PBXFrameworksBuildPhase;
			buildActionMask = 2147483647;
			files = (
			);
			runOnlyForDeploymentPostprocessing = 0;
		};
		BFD825122DE63C4B00914255 /* Frameworks */ = {
			isa = PBXFrameworksBuildPhase;
			buildActionMask = 2147483647;
			files = (
			);
			runOnlyForDeploymentPostprocessing = 0;
		};
/* End PBXFrameworksBuildPhase section */

/* Begin PBXGroup section */
		BFD824F12DE63C4A00914255 = {
			isa = PBXGroup;
			children = (
				BFD824FC2DE63C4A00914255 /* Marshland */,
				BFD8250E2DE63C4B00914255 /* MarshlandTests */,
				BFD825182DE63C4B00914255 /* MarshlandUITests */,
				BFD824FB2DE63C4A00914255 /* Products */,
			);
			sourceTree = "<group>";
		};
		BFD824FB2DE63C4A00914255 /* Products */ = {
			isa = PBXGroup;
			children = (
				BFD824FA2DE63C4A00914255 /* Marshland.app */,
				BFD8250B2DE63C4B00914255 /* MarshlandTests.xctest */,
				BFD825152DE63C4B00914255 /* MarshlandUITests.xctest */,
			);
			name = Products;
			sourceTree = "<group>";
		};
/* End PBXGroup section */

/* Begin PBXNativeTarget section */
		BFD824F92DE63C4A00914255 /* Marshland */ = {
			isa = PBXNativeTarget;
			buildConfigurationList = BFD8251E2DE63C4B00914255 /* Build configuration list for PBXNativeTarget "Marshland" */;
			buildPhases = (
				BFD824F62DE63C4A00914255 /* Sources */,
				BFD824F72DE63C4A00914255 /* Frameworks */,
				BFD824F82DE63C4A00914255 /* Resources */,
			);
			buildRules = (
			);
			dependencies = (
			);
			fileSystemSynchronizedGroups = (
				BFD824FC2DE63C4A00914255 /* Marshland */,
			);
			name = Marshland;
			packageProductDependencies = (
				BFD8255D2DE6BCF900914255 /* TendrilTree */,
			);
			productName = Marshland;
			productReference = BFD824FA2DE63C4A00914255 /* Marshland.app */;
			productType = "com.apple.product-type.application";
		};
		BFD8250A2DE63C4B00914255 /* MarshlandTests */ = {
			isa = PBXNativeTarget;
			buildConfigurationList = BFD825232DE63C4B00914255 /* Build configuration list for PBXNativeTarget "MarshlandTests" */;
			buildPhases = (
				BFD825072DE63C4B00914255 /* Sources */,
				BFD825082DE63C4B00914255 /* Frameworks */,
				BFD825092DE63C4B00914255 /* Resources */,
			);
			buildRules = (
			);
			dependencies = (
				BFD8250D2DE63C4B00914255 /* PBXTargetDependency */,
			);
			fileSystemSynchronizedGroups = (
				BFD8250E2DE63C4B00914255 /* MarshlandTests */,
			);
			name = MarshlandTests;
			packageProductDependencies = (
			);
			productName = MarshlandTests;
			productReference = BFD8250B2DE63C4B00914255 /* MarshlandTests.xctest */;
			productType = "com.apple.product-type.bundle.unit-test";
		};
		BFD825142DE63C4B00914255 /* MarshlandUITests */ = {
			isa = PBXNativeTarget;
			buildConfigurationList = BFD825262DE63C4B00914255 /* Build configuration list for PBXNativeTarget "MarshlandUITests" */;
			buildPhases = (
				BFD825112DE63C4B00914255 /* Sources */,
				BFD825122DE63C4B00914255 /* Frameworks */,
				BFD825132DE63C4B00914255 /* Resources */,
			);
			buildRules = (
			);
			dependencies = (
				BFD825172DE63C4B00914255 /* PBXTargetDependency */,
			);
			fileSystemSynchronizedGroups = (
				BFD825182DE63C4B00914255 /* MarshlandUITests */,
			);
			name = MarshlandUITests;
			packageProductDependencies = (
			);
			productName = MarshlandUITests;
			productReference = BFD825152DE63C4B00914255 /* MarshlandUITests.xctest */;
			productType = "com.apple.product-type.bundle.ui-testing";
		};
/* End PBXNativeTarget section */

/* Begin PBXProject section */
		BFD824F22DE63C4A00914255 /* Project object */ = {
			isa = PBXProject;
			attributes = {
				BuildIndependentTargetsInParallel = 1;
				LastSwiftUpdateCheck = 1630;
				LastUpgradeCheck = 1630;
				TargetAttributes = {
					BFD824F92DE63C4A00914255 = {
						CreatedOnToolsVersion = 16.3;
					};
					BFD8250A2DE63C4B00914255 = {
						CreatedOnToolsVersion = 16.3;
						TestTargetID = BFD824F92DE63C4A00914255;
					};
					BFD825142DE63C4B00914255 = {
						CreatedOnToolsVersion = 16.3;
						TestTargetID = BFD824F92DE63C4A00914255;
					};
				};
			};
			buildConfigurationList = BFD824F52DE63C4A00914255 /* Build configuration list for PBXProject "Marshland" */;
			developmentRegion = en;
			hasScannedForEncodings = 0;
			knownRegions = (
				en,
				Base,
			);
			mainGroup = BFD824F12DE63C4A00914255;
			minimizedProjectReferenceProxies = 1;
			packageReferences = (
				BFD8255C2DE6BCF900914255 /* XCLocalSwiftPackageReference "../TendrilTree" */,
			);
			preferredProjectObjectVersion = 77;
			productRefGroup = BFD824FB2DE63C4A00914255 /* Products */;
			projectDirPath = "";
			projectRoot = "";
			targets = (
				BFD824F92DE63C4A00914255 /* Marshland */,
				BFD8250A2DE63C4B00914255 /* MarshlandTests */,
				BFD825142DE63C4B00914255 /* MarshlandUITests */,
			);
		};
/* End PBXProject section */

/* Begin PBXResourcesBuildPhase section */
		BFD824F82DE63C4A00914255 /* Resources */ = {
			isa = PBXResourcesBuildPhase;
			buildActionMask = 2147483647;
			files = (
			);
			runOnlyForDeploymentPostprocessing = 0;
		};
		BFD825092DE63C4B00914255 /* Resources */ = {
			isa = PBXResourcesBuildPhase;
			buildActionMask = 2147483647;
			files = (
			);
			runOnlyForDeploymentPostprocessing = 0;
		};
		BFD825132DE63C4B00914255 /* Resources */ = {
			isa = PBXResourcesBuildPhase;
			buildActionMask = 2147483647;
			files = (
			);
			runOnlyForDeploymentPostprocessing = 0;
		};
/* End PBXResourcesBuildPhase section */

/* Begin PBXSourcesBuildPhase section */
		BFD824F62DE63C4A00914255 /* Sources */ = {
			isa = PBXSourcesBuildPhase;
			buildActionMask = 2147483647;
			files = (
			);
			runOnlyForDeploymentPostprocessing = 0;
		};
		BFD825072DE63C4B00914255 /* Sources */ = {
			isa = PBXSourcesBuildPhase;
			buildActionMask = 2147483647;
			files = (
			);
			runOnlyForDeploymentPostprocessing = 0;
		};
		BFD825112DE63C4B00914255 /* Sources */ = {
			isa = PBXSourcesBuildPhase;
			buildActionMask = 2147483647;
			files = (
			);
			runOnlyForDeploymentPostprocessing = 0;
		};
/* End PBXSourcesBuildPhase section */

/* Begin PBXTargetDependency section */
		BFD8250D2DE63C4B00914255 /* PBXTargetDependency */ = {
			isa = PBXTargetDependency;
			target = BFD824F92DE63C4A00914255 /* Marshland */;
			targetProxy = BFD8250C2DE63C4B00914255 /* PBXContainerItemProxy */;
		};
		BFD825172DE63C4B00914255 /* PBXTargetDependency */ = {
			isa = PBXTargetDependency;
			target = BFD824F92DE63C4A00914255 /* Marshland */;
			targetProxy = BFD825162DE63C4B00914255 /* PBXContainerItemProxy */;
		};
/* End PBXTargetDependency section */

/* Begin XCBuildConfiguration section */
		BFD8251F2DE63C4B00914255 /* Debug */ = {
			isa = XCBuildConfiguration;
			buildSettings = {
				ASSETCATALOG_COMPILER_APPICON_NAME = AppIcon;
				ASSETCATALOG_COMPILER_GLOBAL_ACCENT_COLOR_NAME = AccentColor;
				CODE_SIGN_ENTITLEMENTS = Marshland/Marshland.entitlements;
				CODE_SIGN_STYLE = Automatic;
				COMBINE_HIDPI_IMAGES = YES;
				CURRENT_PROJECT_VERSION = 1;
				DEVELOPMENT_TEAM = 9VV558X8J3;
				ENABLE_HARDENED_RUNTIME = YES;
				ENABLE_PREVIEWS = YES;
				GENERATE_INFOPLIST_FILE = YES;
				INFOPLIST_FILE = Marshland/Info.plist;
				INFOPLIST_KEY_NSHumanReadableCopyright = "";
				LD_RUNPATH_SEARCH_PATHS = (
					"$(inherited)",
					"@executable_path/../Frameworks",
				);
				MARKETING_VERSION = 1.0;
				PRODUCT_BUNDLE_IDENTIFIER = com.gdb.Marshland;
				PRODUCT_NAME = "$(TARGET_NAME)";
				REGISTER_APP_GROUPS = YES;
				SWIFT_EMIT_LOC_STRINGS = YES;
				SWIFT_VERSION = 5.0;
			};
			name = Debug;
		};
		BFD825202DE63C4B00914255 /* Release */ = {
			isa = XCBuildConfiguration;
			buildSettings = {
				ASSETCATALOG_COMPILER_APPICON_NAME = AppIcon;
				ASSETCATALOG_COMPILER_GLOBAL_ACCENT_COLOR_NAME = AccentColor;
				CODE_SIGN_ENTITLEMENTS = Marshland/Marshland.entitlements;
				CODE_SIGN_STYLE = Automatic;
				COMBINE_HIDPI_IMAGES = YES;
				CURRENT_PROJECT_VERSION = 1;
				DEVELOPMENT_TEAM = 9VV558X8J3;
				ENABLE_HARDENED_RUNTIME = YES;
				ENABLE_PREVIEWS = YES;
				GENERATE_INFOPLIST_FILE = YES;
				INFOPLIST_FILE = Marshland/Info.plist;
				INFOPLIST_KEY_NSHumanReadableCopyright = "";
				LD_RUNPATH_SEARCH_PATHS = (
					"$(inherited)",
					"@executable_path/../Frameworks",
				);
				MARKETING_VERSION = 1.0;
				PRODUCT_BUNDLE_IDENTIFIER = com.gdb.Marshland;
				PRODUCT_NAME = "$(TARGET_NAME)";
				REGISTER_APP_GROUPS = YES;
				SWIFT_EMIT_LOC_STRINGS = YES;
				SWIFT_VERSION = 5.0;
			};
			name = Release;
		};
		BFD825212DE63C4B00914255 /* Debug */ = {
			isa = XCBuildConfiguration;
			buildSettings = {
				ALWAYS_SEARCH_USER_PATHS = NO;
				ASSETCATALOG_COMPILER_GENERATE_SWIFT_ASSET_SYMBOL_EXTENSIONS = YES;
				CLANG_ANALYZER_NONNULL = YES;
				CLANG_ANALYZER_NUMBER_OBJECT_CONVERSION = YES_AGGRESSIVE;
				CLANG_CXX_LANGUAGE_STANDARD = "gnu++20";
				CLANG_ENABLE_MODULES = YES;
				CLANG_ENABLE_OBJC_ARC = YES;
				CLANG_ENABLE_OBJC_WEAK = YES;
				CLANG_WARN_BLOCK_CAPTURE_AUTORELEASING = YES;
				CLANG_WARN_BOOL_CONVERSION = YES;
				CLANG_WARN_COMMA = YES;
				CLANG_WARN_CONSTANT_CONVERSION = YES;
				CLANG_WARN_DEPRECATED_OBJC_IMPLEMENTATIONS = YES;
				CLANG_WARN_DIRECT_OBJC_ISA_USAGE = YES_ERROR;
				CLANG_WARN_DOCUMENTATION_COMMENTS = YES;
				CLANG_WARN_EMPTY_BODY = YES;
				CLANG_WARN_ENUM_CONVERSION = YES;
				CLANG_WARN_INFINITE_RECURSION = YES;
				CLANG_WARN_INT_CONVERSION = YES;
				CLANG_WARN_NON_LITERAL_NULL_CONVERSION = YES;
				CLANG_WARN_OBJC_IMPLICIT_RETAIN_SELF = YES;
				CLANG_WARN_OBJC_LITERAL_CONVERSION = YES;
				CLANG_WARN_OBJC_ROOT_CLASS = YES_ERROR;
				CLANG_WARN_QUOTED_INCLUDE_IN_FRAMEWORK_HEADER = YES;
				CLANG_WARN_RANGE_LOOP_ANALYSIS = YES;
				CLANG_WARN_STRICT_PROTOTYPES = YES;
				CLANG_WARN_SUSPICIOUS_MOVE = YES;
				CLANG_WARN_UNGUARDED_AVAILABILITY = YES_AGGRESSIVE;
				CLANG_WARN_UNREACHABLE_CODE = YES;
				CLANG_WARN__DUPLICATE_METHOD_MATCH = YES;
				COPY_PHASE_STRIP = NO;
				DEBUG_INFORMATION_FORMAT = dwarf;
				DEVELOPMENT_TEAM = 9VV558X8J3;
				ENABLE_STRICT_OBJC_MSGSEND = YES;
				ENABLE_TESTABILITY = YES;
				ENABLE_USER_SCRIPT_SANDBOXING = YES;
				GCC_C_LANGUAGE_STANDARD = gnu17;
				GCC_DYNAMIC_NO_PIC = NO;
				GCC_NO_COMMON_BLOCKS = YES;
				GCC_OPTIMIZATION_LEVEL = 0;
				GCC_PREPROCESSOR_DEFINITIONS = (
					"DEBUG=1",
					"$(inherited)",
				);
				GCC_WARN_64_TO_32_BIT_CONVERSION = YES;
				GCC_WARN_ABOUT_RETURN_TYPE = YES_ERROR;
				GCC_WARN_UNDECLARED_SELECTOR = YES;
				GCC_WARN_UNINITIALIZED_AUTOS = YES_AGGRESSIVE;
				GCC_WARN_UNUSED_FUNCTION = YES;
				GCC_WARN_UNUSED_VARIABLE = YES;
				LOCALIZATION_PREFERS_STRING_CATALOGS = YES;
				MACOSX_DEPLOYMENT_TARGET = 15.4;
				MTL_ENABLE_DEBUG_INFO = INCLUDE_SOURCE;
				MTL_FAST_MATH = YES;
				ONLY_ACTIVE_ARCH = YES;
				SDKROOT = macosx;
				SWIFT_ACTIVE_COMPILATION_CONDITIONS = "DEBUG $(inherited)";
				SWIFT_OPTIMIZATION_LEVEL = "-Onone";
			};
			name = Debug;
		};
		BFD825222DE63C4B00914255 /* Release */ = {
			isa = XCBuildConfiguration;
			buildSettings = {
				ALWAYS_SEARCH_USER_PATHS = NO;
				ASSETCATALOG_COMPILER_GENERATE_SWIFT_ASSET_SYMBOL_EXTENSIONS = YES;
				CLANG_ANALYZER_NONNULL = YES;
				CLANG_ANALYZER_NUMBER_OBJECT_CONVERSION = YES_AGGRESSIVE;
				CLANG_CXX_LANGUAGE_STANDARD = "gnu++20";
				CLANG_ENABLE_MODULES = YES;
				CLANG_ENABLE_OBJC_ARC = YES;
				CLANG_ENABLE_OBJC_WEAK = YES;
				CLANG_WARN_BLOCK_CAPTURE_AUTORELEASING = YES;
				CLANG_WARN_BOOL_CONVERSION = YES;
				CLANG_WARN_COMMA = YES;
				CLANG_WARN_CONSTANT_CONVERSION = YES;
				CLANG_WARN_DEPRECATED_OBJC_IMPLEMENTATIONS = YES;
				CLANG_WARN_DIRECT_OBJC_ISA_USAGE = YES_ERROR;
				CLANG_WARN_DOCUMENTATION_COMMENTS = YES;
				CLANG_WARN_EMPTY_BODY = YES;
				CLANG_WARN_ENUM_CONVERSION = YES;
				CLANG_WARN_INFINITE_RECURSION = YES;
				CLANG_WARN_INT_CONVERSION = YES;
				CLANG_WARN_NON_LITERAL_NULL_CONVERSION = YES;
				CLANG_WARN_OBJC_IMPLICIT_RETAIN_SELF = YES;
				CLANG_WARN_OBJC_LITERAL_CONVERSION = YES;
				CLANG_WARN_OBJC_ROOT_CLASS = YES_ERROR;
				CLANG_WARN_QUOTED_INCLUDE_IN_FRAMEWORK_HEADER = YES;
				CLANG_WARN_RANGE_LOOP_ANALYSIS = YES;
				CLANG_WARN_STRICT_PROTOTYPES = YES;
				CLANG_WARN_SUSPICIOUS_MOVE = YES;
				CLANG_WARN_UNGUARDED_AVAILABILITY = YES_AGGRESSIVE;
				CLANG_WARN_UNREACHABLE_CODE = YES;
				CLANG_WARN__DUPLICATE_METHOD_MATCH = YES;
				COPY_PHASE_STRIP = NO;
				DEBUG_INFORMATION_FORMAT = "dwarf-with-dsym";
				DEVELOPMENT_TEAM = 9VV558X8J3;
				ENABLE_NS_ASSERTIONS = NO;
				ENABLE_STRICT_OBJC_MSGSEND = YES;
				ENABLE_USER_SCRIPT_SANDBOXING = YES;
				GCC_C_LANGUAGE_STANDARD = gnu17;
				GCC_NO_COMMON_BLOCKS = YES;
				GCC_WARN_64_TO_32_BIT_CONVERSION = YES;
				GCC_WARN_ABOUT_RETURN_TYPE = YES_ERROR;
				GCC_WARN_UNDECLARED_SELECTOR = YES;
				GCC_WARN_UNINITIALIZED_AUTOS = YES_AGGRESSIVE;
				GCC_WARN_UNUSED_FUNCTION = YES;
				GCC_WARN_UNUSED_VARIABLE = YES;
				LOCALIZATION_PREFERS_STRING_CATALOGS = YES;
				MACOSX_DEPLOYMENT_TARGET = 15.4;
				MTL_ENABLE_DEBUG_INFO = NO;
				MTL_FAST_MATH = YES;
				SDKROOT = macosx;
				SWIFT_COMPILATION_MODE = wholemodule;
			};
			name = Release;
		};
		BFD825242DE63C4B00914255 /* Debug */ = {
			isa = XCBuildConfiguration;
			buildSettings = {
				BUNDLE_LOADER = "$(TEST_HOST)";
				CODE_SIGN_STYLE = Automatic;
				CURRENT_PROJECT_VERSION = 1;
				DEVELOPMENT_TEAM = 9VV558X8J3;
				GENERATE_INFOPLIST_FILE = YES;
				MACOSX_DEPLOYMENT_TARGET = 15.4;
				MARKETING_VERSION = 1.0;
				PRODUCT_BUNDLE_IDENTIFIER = com.gdb.MarshlandTests;
				PRODUCT_NAME = "$(TARGET_NAME)";
				SWIFT_EMIT_LOC_STRINGS = NO;
				SWIFT_VERSION = 5.0;
				TEST_HOST = "$(BUILT_PRODUCTS_DIR)/Marshland.app/$(BUNDLE_EXECUTABLE_FOLDER_PATH)/Marshland";
			};
			name = Debug;
		};
		BFD825252DE63C4B00914255 /* Release */ = {
			isa = XCBuildConfiguration;
			buildSettings = {
				BUNDLE_LOADER = "$(TEST_HOST)";
				CODE_SIGN_STYLE = Automatic;
				CURRENT_PROJECT_VERSION = 1;
				DEVELOPMENT_TEAM = 9VV558X8J3;
				GENERATE_INFOPLIST_FILE = YES;
				MACOSX_DEPLOYMENT_TARGET = 15.4;
				MARKETING_VERSION = 1.0;
				PRODUCT_BUNDLE_IDENTIFIER = com.gdb.MarshlandTests;
				PRODUCT_NAME = "$(TARGET_NAME)";
				SWIFT_EMIT_LOC_STRINGS = NO;
				SWIFT_VERSION = 5.0;
				TEST_HOST = "$(BUILT_PRODUCTS_DIR)/Marshland.app/$(BUNDLE_EXECUTABLE_FOLDER_PATH)/Marshland";
			};
			name = Release;
		};
		BFD825272DE63C4B00914255 /* Debug */ = {
			isa = XCBuildConfiguration;
			buildSettings = {
				CODE_SIGN_STYLE = Automatic;
				CURRENT_PROJECT_VERSION = 1;
				DEVELOPMENT_TEAM = 9VV558X8J3;
				GENERATE_INFOPLIST_FILE = YES;
				MARKETING_VERSION = 1.0;
				PRODUCT_BUNDLE_IDENTIFIER = com.gdb.MarshlandUITests;
				PRODUCT_NAME = "$(TARGET_NAME)";
				SWIFT_EMIT_LOC_STRINGS = NO;
				SWIFT_VERSION = 5.0;
				TEST_TARGET_NAME = Marshland;
			};
			name = Debug;
		};
		BFD825282DE63C4B00914255 /* Release */ = {
			isa = XCBuildConfiguration;
			buildSettings = {
				CODE_SIGN_STYLE = Automatic;
				CURRENT_PROJECT_VERSION = 1;
				DEVELOPMENT_TEAM = 9VV558X8J3;
				GENERATE_INFOPLIST_FILE = YES;
				MARKETING_VERSION = 1.0;
				PRODUCT_BUNDLE_IDENTIFIER = com.gdb.MarshlandUITests;
				PRODUCT_NAME = "$(TARGET_NAME)";
				SWIFT_EMIT_LOC_STRINGS = NO;
				SWIFT_VERSION = 5.0;
				TEST_TARGET_NAME = Marshland;
			};
			name = Release;
		};
/* End XCBuildConfiguration section */

/* Begin XCConfigurationList section */
		BFD824F52DE63C4A00914255 /* Build configuration list for PBXProject "Marshland" */ = {
			isa = XCConfigurationList;
			buildConfigurations = (
				BFD825212DE63C4B00914255 /* Debug */,
				BFD825222DE63C4B00914255 /* Release */,
			);
			defaultConfigurationIsVisible = 0;
			defaultConfigurationName = Release;
		};
		BFD8251E2DE63C4B00914255 /* Build configuration list for PBXNativeTarget "Marshland" */ = {
			isa = XCConfigurationList;
			buildConfigurations = (
				BFD8251F2DE63C4B00914255 /* Debug */,
				BFD825202DE63C4B00914255 /* Release */,
			);
			defaultConfigurationIsVisible = 0;
			defaultConfigurationName = Release;
		};
		BFD825232DE63C4B00914255 /* Build configuration list for PBXNativeTarget "MarshlandTests" */ = {
			isa = XCConfigurationList;
			buildConfigurations = (
				BFD825242DE63C4B00914255 /* Debug */,
				BFD825252DE63C4B00914255 /* Release */,
			);
			defaultConfigurationIsVisible = 0;
			defaultConfigurationName = Release;
		};
		BFD825262DE63C4B00914255 /* Build configuration list for PBXNativeTarget "MarshlandUITests" */ = {
			isa = XCConfigurationList;
			buildConfigurations = (
				BFD825272DE63C4B00914255 /* Debug */,
				BFD825282DE63C4B00914255 /* Release */,
			);
			defaultConfigurationIsVisible = 0;
			defaultConfigurationName = Release;
		};
/* End XCConfigurationList section */

/* Begin XCLocalSwiftPackageReference section */
		BFD8255C2DE6BCF900914255 /* XCLocalSwiftPackageReference "../TendrilTree" */ = {
			isa = XCLocalSwiftPackageReference;
			relativePath = ../TendrilTree;
		};
/* End XCLocalSwiftPackageReference section */

/* Begin XCSwiftPackageProductDependency section */
		BFD8255D2DE6BCF900914255 /* TendrilTree */ = {
			isa = XCSwiftPackageProductDependency;
			productName = TendrilTree;
		};
/* End XCSwiftPackageProductDependency section */
	};
	rootObject = BFD824F22DE63C4A00914255 /* Project object */;
}
